{
  "name": "trabajo_integrador_web",
  "version": "1.0.0",
  "description": "Sistema de gestión de internaciones hospitalarias",
  "main": "app.js",
  "scripts": {
    "start": "node app.js",
    "dev": "nodemon app.js"
  },
  "engines": {
    "node": ">=18"
  },
  "dependencies": {
    "dotenv": "^16.5.0",
    "express": "^5.1.0",
    "pug": "^3.0.3",
    "sqlite": "^5.1.1",
    "sqlite3": "^5.1.7"
  },
  "devDependencies": {
    "nodemon": "^3.1.10"
  }
}
